
Microsoft Visual Studio Solution File, Format Version 12.00
# Visual Studio Version 16
VisualStudioVersion = 16.0.28922.388
MinimumVisualStudioVersion = 10.0.40219.1
Project("{FAE04EC0-301F-11D3-BF4B-00C04F79EFBC}") = "SlipSniff", "SlipSniff\SlipSniff.csproj", "{E23A5018-3BF4-4832-987C-B963259C1AEA}"
EndProject
Global
	GlobalSection(SolutionConfigurationPlatforms) = preSolution
		Debug|Any CPU = Debug|Any CPU
		Release|Any CPU = Release|Any CPU
	EndGlobalSection
	GlobalSection(ProjectConfigurationPlatforms) = postSolution
		{E23A5018-3BF4-4832-987C-B963259C1AEA}.Debug|Any CPU.ActiveCfg = Debug|Any CPU
		{E23A5018-3BF4-4832-987C-B963259C1AEA}.Debug|Any CPU.Build.0 = Debug|Any CPU
		{E23A5018-3BF4-4832-987C-B963259C1AEA}.Release|Any CPU.ActiveCfg = Release|Any CPU
		{E23A5018-3BF4-4832-987C-B963259C1AEA}.Release|Any CPU.Build.0 = Release|Any CPU
	EndGlobalSection
	GlobalSection(SolutionProperties) = preSolution
		HideSolutionNode = FALSE
	EndGlobalSection
	GlobalSection(ExtensibilityGlobals) = postSolution
		SolutionGuid = {1C12CB37-9E3B-4048-B465-97D4ADB66E99}
	EndGlobalSection
EndGlobal
